// !$*UTF8*$!
{
	archiveVersion = 1;
	classes = {
	};
	objectVersion = 56;
	objects = {

/* Begin PBXBuildFile section */
		D2B997402BD7CD5B00A4A9A3 /* SpeedApp.swift in Sources */ = {isa = PBXBuildFile; fileRef = D2B9973F2BD7CD5B00A4A9A3 /* SpeedApp.swift */; };
		D2B997422BD7CD5B00A4A9A3 /* ContentView.swift in Sources */ = {isa = PBXBuildFile; fileRef = D2B997412BD7CD5B00A4A9A3 /* ContentView.swift */; };
		D2B997442BD7CD5C00A4A9A3 /* Assets.xcassets in Resources */ = {isa = PBXBuildFile; fileRef = D2B997432BD7CD5C00A4A9A3 /* Assets.xcassets */; };
		D2B997472BD7CD5C00A4A9A3 /* Preview Assets.xcassets in Resources */ = {isa = PBXBuildFile; fileRef = D2B997462BD7CD5C00A4A9A3 /* Preview Assets.xcassets */; };
		D2B997532BD7CE7200A4A9A3 /* Home.swift in Sources */ = {isa = PBXBuildFile; fileRef = D2B997522BD7CE7200A4A9A3 /* Home.swift */; };
		D2B997552BD7D3CD00A4A9A3 /* TabBar.swift in Sources */ = {isa = PBXBuildFile; fileRef = D2B997542BD7D3CD00A4A9A3 /* TabBar.swift */; };
		D2B997572BD7DEA400A4A9A3 /* AccountCard.swift in Sources */ = {isa = PBXBuildFile; fileRef = D2B997562BD7DEA400A4A9A3 /* AccountCard.swift */; };
		D2B997592BD7F57400A4A9A3 /* Payments.swift in Sources */ = {isa = PBXBuildFile; fileRef = D2B997582BD7F57400A4A9A3 /* Payments.swift */; };
		D2B9975B2BD7FC4900A4A9A3 /* ContentViewModel.swift in Sources */ = {isa = PBXBuildFile; fileRef = D2B9975A2BD7FC4900A4A9A3 /* ContentViewModel.swift */; };
		D2B9975E2BD7FC9200A4A9A3 /* Greeting.swift in Sources */ = {isa = PBXBuildFile; fileRef = D2B9975D2BD7FC9200A4A9A3 /* Greeting.swift */; };
		D2B997602BD7FC9E00A4A9A3 /* Views.swift in Sources */ = {isa = PBXBuildFile; fileRef = D2B9975F2BD7FC9E00A4A9A3 /* Views.swift */; };
		D2B997622BD8002400A4A9A3 /* Accounts.swift in Sources */ = {isa = PBXBuildFile; fileRef = D2B997612BD8002400A4A9A3 /* Accounts.swift */; };
		D2B997642BD8005C00A4A9A3 /* Profile.swift in Sources */ = {isa = PBXBuildFile; fileRef = D2B997632BD8005C00A4A9A3 /* Profile.swift */; };
		D2B997662BD8006A00A4A9A3 /* Banking.swift in Sources */ = {isa = PBXBuildFile; fileRef = D2B997652BD8006A00A4A9A3 /* Banking.swift */; };
		D2B997682BD8017000A4A9A3 /* Login.swift in Sources */ = {isa = PBXBuildFile; fileRef = D2B997672BD8017000A4A9A3 /* Login.swift */; };
		D2B9976A2BD8018600A4A9A3 /* SplashScreen.swift in Sources */ = {isa = PBXBuildFile; fileRef = D2B997692BD8018600A4A9A3 /* SplashScreen.swift */; };
		D2B9976C2BD8031D00A4A9A3 /* Double.swift in Sources */ = {isa = PBXBuildFile; fileRef = D2B9976B2BD8031D00A4A9A3 /* Double.swift */; };
		D2B9976E2BD803E700A4A9A3 /* UserAccount.swift in Sources */ = {isa = PBXBuildFile; fileRef = D2B9976D2BD803E700A4A9A3 /* UserAccount.swift */; };
		D2B997702BD8106800A4A9A3 /* LogoutAlert.swift in Sources */ = {isa = PBXBuildFile; fileRef = D2B9976F2BD8106800A4A9A3 /* LogoutAlert.swift */; };
		D2B997722BD824CF00A4A9A3 /* Loading.swift in Sources */ = {isa = PBXBuildFile; fileRef = D2B997712BD824CF00A4A9A3 /* Loading.swift */; };
		D2B997742BD831AD00A4A9A3 /* Error.swift in Sources */ = {isa = PBXBuildFile; fileRef = D2B997732BD831AD00A4A9A3 /* Error.swift */; };
		D2B997762BD908EA00A4A9A3 /* QRCodeScanner.swift in Sources */ = {isa = PBXBuildFile; fileRef = D2B997752BD908EA00A4A9A3 /* QRCodeScanner.swift */; };
		D2B997792BD90E6800A4A9A3 /* CodeScanner in Frameworks */ = {isa = PBXBuildFile; productRef = D2B997782BD90E6800A4A9A3 /* CodeScanner */; };
		D2B997842BD962E100A4A9A3 /* Options.swift in Sources */ = {isa = PBXBuildFile; fileRef = D2B997832BD962E100A4A9A3 /* Options.swift */; };
		D2B997862BD963A000A4A9A3 /* Screens.swift in Sources */ = {isa = PBXBuildFile; fileRef = D2B997852BD963A000A4A9A3 /* Screens.swift */; };
		D2B997892BD9859500A4A9A3 /* Resettable.swift in Sources */ = {isa = PBXBuildFile; fileRef = D2B997882BD9859500A4A9A3 /* Resettable.swift */; };
		D2B9978B2BD9898100A4A9A3 /* SelfRegister.swift in Sources */ = {isa = PBXBuildFile; fileRef = D2B9978A2BD9898100A4A9A3 /* SelfRegister.swift */; };
		D2B9978D2BD9898B00A4A9A3 /* Products.swift in Sources */ = {isa = PBXBuildFile; fileRef = D2B9978C2BD9898B00A4A9A3 /* Products.swift */; };
		D2B9978F2BD9899E00A4A9A3 /* ContactUs.swift in Sources */ = {isa = PBXBuildFile; fileRef = D2B9978E2BD9899E00A4A9A3 /* ContactUs.swift */; };
		D2B997912BD989BB00A4A9A3 /* Locator.swift in Sources */ = {isa = PBXBuildFile; fileRef = D2B997902BD989BB00A4A9A3 /* Locator.swift */; };
		D2B997932BD98B4200A4A9A3 /* SelfRegisterViewModel.swift in Sources */ = {isa = PBXBuildFile; fileRef = D2B997922BD98B4200A4A9A3 /* SelfRegisterViewModel.swift */; };
		D2B997952BD98B6600A4A9A3 /* SRViews.swift in Sources */ = {isa = PBXBuildFile; fileRef = D2B997942BD98B6600A4A9A3 /* SRViews.swift */; };
		D2B997972BD98E5600A4A9A3 /* SRMobileBanking.swift in Sources */ = {isa = PBXBuildFile; fileRef = D2B997962BD98E5600A4A9A3 /* SRMobileBanking.swift */; };
		D2B997992BD98E6700A4A9A3 /* SRMobileWallet.swift in Sources */ = {isa = PBXBuildFile; fileRef = D2B997982BD98E6700A4A9A3 /* SRMobileWallet.swift */; };
		D2B9979C2BD994BD00A4A9A3 /* TextField.swift in Sources */ = {isa = PBXBuildFile; fileRef = D2B9979B2BD994BD00A4A9A3 /* TextField.swift */; };
		D2B9979E2BD997FF00A4A9A3 /* DatePicker.swift in Sources */ = {isa = PBXBuildFile; fileRef = D2B9979D2BD997FF00A4A9A3 /* DatePicker.swift */; };
		D2B997A12BD9982500A4A9A3 /* OverlayDatePicker in Frameworks */ = {isa = PBXBuildFile; productRef = D2B997A02BD9982500A4A9A3 /* OverlayDatePicker */; };
		D2B997A32BD9993700A4A9A3 /* Date.swift in Sources */ = {isa = PBXBuildFile; fileRef = D2B997A22BD9993700A4A9A3 /* Date.swift */; };
		D2B997A52BD99C1700A4A9A3 /* CheckBox.swift in Sources */ = {isa = PBXBuildFile; fileRef = D2B997A42BD99C1700A4A9A3 /* CheckBox.swift */; };
		D2B997A72BD99E5500A4A9A3 /* PhoneNumber.swift in Sources */ = {isa = PBXBuildFile; fileRef = D2B997A62BD99E5500A4A9A3 /* PhoneNumber.swift */; };
		D2B997A92BD99E7B00A4A9A3 /* PhoneNumberViewModel.swift in Sources */ = {isa = PBXBuildFile; fileRef = D2B997A82BD99E7B00A4A9A3 /* PhoneNumberViewModel.swift */; };
		D2B997AB2BD99EDF00A4A9A3 /* Country.swift in Sources */ = {isa = PBXBuildFile; fileRef = D2B997AA2BD99EDF00A4A9A3 /* Country.swift */; };
/* End PBXBuildFile section */

/* Begin PBXFileReference section */
		D2B9973C2BD7CD5B00A4A9A3 /* SpeedApp.app */ = {isa = PBXFileReference; explicitFileType = wrapper.application; includeInIndex = 0; path = SpeedApp.app; sourceTree = BUILT_PRODUCTS_DIR; };
		D2B9973F2BD7CD5B00A4A9A3 /* SpeedApp.swift */ = {isa = PBXFileReference; lastKnownFileType = sourcecode.swift; path = SpeedApp.swift; sourceTree = "<group>"; };
		D2B997412BD7CD5B00A4A9A3 /* ContentView.swift */ = {isa = PBXFileReference; lastKnownFileType = sourcecode.swift; path = ContentView.swift; sourceTree = "<group>"; };
		D2B997432BD7CD5C00A4A9A3 /* Assets.xcassets */ = {isa = PBXFileReference; lastKnownFileType = folder.assetcatalog; path = Assets.xcassets; sourceTree = "<group>"; };
		D2B997462BD7CD5C00A4A9A3 /* Preview Assets.xcassets */ = {isa = PBXFileReference; lastKnownFileType = folder.assetcatalog; path = "Preview Assets.xcassets"; sourceTree = "<group>"; };
		D2B997522BD7CE7200A4A9A3 /* Home.swift */ = {isa = PBXFileReference; lastKnownFileType = sourcecode.swift; path = Home.swift; sourceTree = "<group>"; };
		D2B997542BD7D3CD00A4A9A3 /* TabBar.swift */ = {isa = PBXFileReference; lastKnownFileType = sourcecode.swift; path = TabBar.swift; sourceTree = "<group>"; };
		D2B997562BD7DEA400A4A9A3 /* AccountCard.swift */ = {isa = PBXFileReference; lastKnownFileType = sourcecode.swift; path = AccountCard.swift; sourceTree = "<group>"; };
		D2B997582BD7F57400A4A9A3 /* Payments.swift */ = {isa = PBXFileReference; lastKnownFileType = sourcecode.swift; path = Payments.swift; sourceTree = "<group>"; };
		D2B9975A2BD7FC4900A4A9A3 /* ContentViewModel.swift */ = {isa = PBXFileReference; lastKnownFileType = sourcecode.swift; path = ContentViewModel.swift; sourceTree = "<group>"; };
		D2B9975D2BD7FC9200A4A9A3 /* Greeting.swift */ = {isa = PBXFileReference; lastKnownFileType = sourcecode.swift; path = Greeting.swift; sourceTree = "<group>"; };
		D2B9975F2BD7FC9E00A4A9A3 /* Views.swift */ = {isa = PBXFileReference; lastKnownFileType = sourcecode.swift; path = Views.swift; sourceTree = "<group>"; };
		D2B997612BD8002400A4A9A3 /* Accounts.swift */ = {isa = PBXFileReference; lastKnownFileType = sourcecode.swift; path = Accounts.swift; sourceTree = "<group>"; };
		D2B997632BD8005C00A4A9A3 /* Profile.swift */ = {isa = PBXFileReference; lastKnownFileType = sourcecode.swift; path = Profile.swift; sourceTree = "<group>"; };
		D2B997652BD8006A00A4A9A3 /* Banking.swift */ = {isa = PBXFileReference; lastKnownFileType = sourcecode.swift; path = Banking.swift; sourceTree = "<group>"; };
		D2B997672BD8017000A4A9A3 /* Login.swift */ = {isa = PBXFileReference; lastKnownFileType = sourcecode.swift; path = Login.swift; sourceTree = "<group>"; };
		D2B997692BD8018600A4A9A3 /* SplashScreen.swift */ = {isa = PBXFileReference; lastKnownFileType = sourcecode.swift; path = SplashScreen.swift; sourceTree = "<group>"; };
		D2B9976B2BD8031D00A4A9A3 /* Double.swift */ = {isa = PBXFileReference; lastKnownFileType = sourcecode.swift; path = Double.swift; sourceTree = "<group>"; };
		D2B9976D2BD803E700A4A9A3 /* UserAccount.swift */ = {isa = PBXFileReference; lastKnownFileType = sourcecode.swift; path = UserAccount.swift; sourceTree = "<group>"; };
		D2B9976F2BD8106800A4A9A3 /* LogoutAlert.swift */ = {isa = PBXFileReference; lastKnownFileType = sourcecode.swift; path = LogoutAlert.swift; sourceTree = "<group>"; };
		D2B997712BD824CF00A4A9A3 /* Loading.swift */ = {isa = PBXFileReference; lastKnownFileType = sourcecode.swift; path = Loading.swift; sourceTree = "<group>"; };
		D2B997732BD831AD00A4A9A3 /* Error.swift */ = {isa = PBXFileReference; lastKnownFileType = sourcecode.swift; path = Error.swift; sourceTree = "<group>"; };
		D2B997752BD908EA00A4A9A3 /* QRCodeScanner.swift */ = {isa = PBXFileReference; lastKnownFileType = sourcecode.swift; path = QRCodeScanner.swift; sourceTree = "<group>"; };
		D2B9977A2BD90FE400A4A9A3 /* Info.plist */ = {isa = PBXFileReference; lastKnownFileType = text.plist.xml; path = Info.plist; sourceTree = "<group>"; };
		D2B997832BD962E100A4A9A3 /* Options.swift */ = {isa = PBXFileReference; lastKnownFileType = sourcecode.swift; path = Options.swift; sourceTree = "<group>"; };
		D2B997852BD963A000A4A9A3 /* Screens.swift */ = {isa = PBXFileReference; lastKnownFileType = sourcecode.swift; path = Screens.swift; sourceTree = "<group>"; };
		D2B997882BD9859500A4A9A3 /* Resettable.swift */ = {isa = PBXFileReference; lastKnownFileType = sourcecode.swift; path = Resettable.swift; sourceTree = "<group>"; };
		D2B9978A2BD9898100A4A9A3 /* SelfRegister.swift */ = {isa = PBXFileReference; lastKnownFileType = sourcecode.swift; path = SelfRegister.swift; sourceTree = "<group>"; };
		D2B9978C2BD9898B00A4A9A3 /* Products.swift */ = {isa = PBXFileReference; lastKnownFileType = sourcecode.swift; path = Products.swift; sourceTree = "<group>"; };
		D2B9978E2BD9899E00A4A9A3 /* ContactUs.swift */ = {isa = PBXFileReference; lastKnownFileType = sourcecode.swift; path = ContactUs.swift; sourceTree = "<group>"; };
		D2B997902BD989BB00A4A9A3 /* Locator.swift */ = {isa = PBXFileReference; lastKnownFileType = sourcecode.swift; path = Locator.swift; sourceTree = "<group>"; };
		D2B997922BD98B4200A4A9A3 /* SelfRegisterViewModel.swift */ = {isa = PBXFileReference; lastKnownFileType = sourcecode.swift; path = SelfRegisterViewModel.swift; sourceTree = "<group>"; };
		D2B997942BD98B6600A4A9A3 /* SRViews.swift */ = {isa = PBXFileReference; lastKnownFileType = sourcecode.swift; path = SRViews.swift; sourceTree = "<group>"; };
		D2B997962BD98E5600A4A9A3 /* SRMobileBanking.swift */ = {isa = PBXFileReference; lastKnownFileType = sourcecode.swift; path = SRMobileBanking.swift; sourceTree = "<group>"; };
		D2B997982BD98E6700A4A9A3 /* SRMobileWallet.swift */ = {isa = PBXFileReference; lastKnownFileType = sourcecode.swift; path = SRMobileWallet.swift; sourceTree = "<group>"; };
		D2B9979B2BD994BD00A4A9A3 /* TextField.swift */ = {isa = PBXFileReference; lastKnownFileType = sourcecode.swift; path = TextField.swift; sourceTree = "<group>"; };
		D2B9979D2BD997FF00A4A9A3 /* DatePicker.swift */ = {isa = PBXFileReference; lastKnownFileType = sourcecode.swift; path = DatePicker.swift; sourceTree = "<group>"; };
		D2B997A22BD9993700A4A9A3 /* Date.swift */ = {isa = PBXFileReference; lastKnownFileType = sourcecode.swift; path = Date.swift; sourceTree = "<group>"; };
		D2B997A42BD99C1700A4A9A3 /* CheckBox.swift */ = {isa = PBXFileReference; lastKnownFileType = sourcecode.swift; path = CheckBox.swift; sourceTree = "<group>"; };
		D2B997A62BD99E5500A4A9A3 /* PhoneNumber.swift */ = {isa = PBXFileReference; lastKnownFileType = sourcecode.swift; path = PhoneNumber.swift; sourceTree = "<group>"; };
		D2B997A82BD99E7B00A4A9A3 /* PhoneNumberViewModel.swift */ = {isa = PBXFileReference; lastKnownFileType = sourcecode.swift; path = PhoneNumberViewModel.swift; sourceTree = "<group>"; };
		D2B997AA2BD99EDF00A4A9A3 /* Country.swift */ = {isa = PBXFileReference; lastKnownFileType = sourcecode.swift; path = Country.swift; sourceTree = "<group>"; };
/* End PBXFileReference section */

/* Begin PBXFrameworksBuildPhase section */
		D2B997392BD7CD5B00A4A9A3 /* Frameworks */ = {
			isa = PBXFrameworksBuildPhase;
			buildActionMask = 2147483647;
			files = (
				D2B997792BD90E6800A4A9A3 /* CodeScanner in Frameworks */,
				D2B997A12BD9982500A4A9A3 /* OverlayDatePicker in Frameworks */,
			);
			runOnlyForDeploymentPostprocessing = 0;
		};
/* End PBXFrameworksBuildPhase section */

/* Begin PBXGroup section */
		D2B997332BD7CD5B00A4A9A3 = {
			isa = PBXGroup;
			children = (
				D2B9973E2BD7CD5B00A4A9A3 /* SpeedApp */,
				D2B9973D2BD7CD5B00A4A9A3 /* Products */,
			);
			sourceTree = "<group>";
		};
		D2B9973D2BD7CD5B00A4A9A3 /* Products */ = {
			isa = PBXGroup;
			children = (
				D2B9973C2BD7CD5B00A4A9A3 /* SpeedApp.app */,
			);
			name = Products;
			sourceTree = "<group>";
		};
		D2B9973E2BD7CD5B00A4A9A3 /* SpeedApp */ = {
			isa = PBXGroup;
			children = (
				D2B9977A2BD90FE400A4A9A3 /* Info.plist */,
				D2B997412BD7CD5B00A4A9A3 /* ContentView.swift */,
				D2B9974D2BD7CE3300A4A9A3 /* App */,
				D2B9979A2BD994AD00A4A9A3 /* CustomViews */,
				D2B9975C2BD7FC8000A4A9A3 /* Enums */,
				D2B997512BD7CE4B00A4A9A3 /* Extensions */,
				D2B997502BD7CE4600A4A9A3 /* Models */,
				D2B997872BD9857B00A4A9A3 /* Protocols */,
				D2B9974E2BD7CE3800A4A9A3 /* Views */,
				D2B9974F2BD7CE3D00A4A9A3 /* ViewModels */,
				D2B997452BD7CD5C00A4A9A3 /* Preview Content */,
				D2B997432BD7CD5C00A4A9A3 /* Assets.xcassets */,
			);
			path = SpeedApp;
			sourceTree = "<group>";
		};
		D2B997452BD7CD5C00A4A9A3 /* Preview Content */ = {
			isa = PBXGroup;
			children = (
				D2B997462BD7CD5C00A4A9A3 /* Preview Assets.xcassets */,
			);
			path = "Preview Content";
			sourceTree = "<group>";
		};
		D2B9974D2BD7CE3300A4A9A3 /* App */ = {
			isa = PBXGroup;
			children = (
				D2B9973F2BD7CD5B00A4A9A3 /* SpeedApp.swift */,
			);
			path = App;
			sourceTree = "<group>";
		};
		D2B9974E2BD7CE3800A4A9A3 /* Views */ = {
			isa = PBXGroup;
			children = (
				D2B997612BD8002400A4A9A3 /* Accounts.swift */,
				D2B997562BD7DEA400A4A9A3 /* AccountCard.swift */,
				D2B997652BD8006A00A4A9A3 /* Banking.swift */,
				D2B9978E2BD9899E00A4A9A3 /* ContactUs.swift */,
				D2B997732BD831AD00A4A9A3 /* Error.swift */,
				D2B997522BD7CE7200A4A9A3 /* Home.swift */,
				D2B997712BD824CF00A4A9A3 /* Loading.swift */,
				D2B997902BD989BB00A4A9A3 /* Locator.swift */,
				D2B997672BD8017000A4A9A3 /* Login.swift */,
				D2B9976F2BD8106800A4A9A3 /* LogoutAlert.swift */,
				D2B997832BD962E100A4A9A3 /* Options.swift */,
				D2B997582BD7F57400A4A9A3 /* Payments.swift */,
				D2B9978C2BD9898B00A4A9A3 /* Products.swift */,
				D2B997632BD8005C00A4A9A3 /* Profile.swift */,
				D2B997752BD908EA00A4A9A3 /* QRCodeScanner.swift */,
				D2B9978A2BD9898100A4A9A3 /* SelfRegister.swift */,
				D2B997692BD8018600A4A9A3 /* SplashScreen.swift */,
				D2B997962BD98E5600A4A9A3 /* SRMobileBanking.swift */,
				D2B997982BD98E6700A4A9A3 /* SRMobileWallet.swift */,
				D2B997542BD7D3CD00A4A9A3 /* TabBar.swift */,
			);
			path = Views;
			sourceTree = "<group>";
		};
		D2B9974F2BD7CE3D00A4A9A3 /* ViewModels */ = {
			isa = PBXGroup;
			children = (
				D2B9975A2BD7FC4900A4A9A3 /* ContentViewModel.swift */,
				D2B997922BD98B4200A4A9A3 /* SelfRegisterViewModel.swift */,
				D2B997A82BD99E7B00A4A9A3 /* PhoneNumberViewModel.swift */,
			);
			path = ViewModels;
			sourceTree = "<group>";
		};
		D2B997502BD7CE4600A4A9A3 /* Models */ = {
			isa = PBXGroup;
			children = (
				D2B9976D2BD803E700A4A9A3 /* UserAccount.swift */,
				D2B997AA2BD99EDF00A4A9A3 /* Country.swift */,
			);
			path = Models;
			sourceTree = "<group>";
		};
		D2B997512BD7CE4B00A4A9A3 /* Extensions */ = {
			isa = PBXGroup;
			children = (
				D2B9976B2BD8031D00A4A9A3 /* Double.swift */,
				D2B997A22BD9993700A4A9A3 /* Date.swift */,
			);
			path = Extensions;
			sourceTree = "<group>";
		};
		D2B9975C2BD7FC8000A4A9A3 /* Enums */ = {
			isa = PBXGroup;
			children = (
				D2B9975D2BD7FC9200A4A9A3 /* Greeting.swift */,
				D2B997852BD963A000A4A9A3 /* Screens.swift */,
				D2B997942BD98B6600A4A9A3 /* SRViews.swift */,
				D2B9975F2BD7FC9E00A4A9A3 /* Views.swift */,
			);
			path = Enums;
			sourceTree = "<group>";
		};
		D2B997872BD9857B00A4A9A3 /* Protocols */ = {
			isa = PBXGroup;
			children = (
				D2B997882BD9859500A4A9A3 /* Resettable.swift */,
			);
			path = Protocols;
			sourceTree = "<group>";
		};
		D2B9979A2BD994AD00A4A9A3 /* CustomViews */ = {
			isa = PBXGroup;
			children = (
				D2B9979B2BD994BD00A4A9A3 /* TextField.swift */,
				D2B9979D2BD997FF00A4A9A3 /* DatePicker.swift */,
				D2B997A42BD99C1700A4A9A3 /* CheckBox.swift */,
				D2B997A62BD99E5500A4A9A3 /* PhoneNumber.swift */,
			);
			path = CustomViews;
			sourceTree = "<group>";
		};
/* End PBXGroup section */

/* Begin PBXNativeTarget section */
		D2B9973B2BD7CD5B00A4A9A3 /* SpeedApp */ = {
			isa = PBXNativeTarget;
			buildConfigurationList = D2B9974A2BD7CD5C00A4A9A3 /* Build configuration list for PBXNativeTarget "SpeedApp" */;
			buildPhases = (
				D2B997382BD7CD5B00A4A9A3 /* Sources */,
				D2B997392BD7CD5B00A4A9A3 /* Frameworks */,
				D2B9973A2BD7CD5B00A4A9A3 /* Resources */,
			);
			buildRules = (
			);
			dependencies = (
			);
			name = SpeedApp;
			packageProductDependencies = (
				D2B997782BD90E6800A4A9A3 /* CodeScanner */,
				D2B997A02BD9982500A4A9A3 /* OverlayDatePicker */,
			);
			productName = SpeedApp;
			productReference = D2B9973C2BD7CD5B00A4A9A3 /* SpeedApp.app */;
			productType = "com.apple.product-type.application";
		};
/* End PBXNativeTarget section */

/* Begin PBXProject section */
		D2B997342BD7CD5B00A4A9A3 /* Project object */ = {
			isa = PBXProject;
			attributes = {
				BuildIndependentTargetsInParallel = 1;
				LastSwiftUpdateCheck = 1530;
				LastUpgradeCheck = 1530;
				TargetAttributes = {
					D2B9973B2BD7CD5B00A4A9A3 = {
						CreatedOnToolsVersion = 15.3;
					};
				};
			};
			buildConfigurationList = D2B997372BD7CD5B00A4A9A3 /* Build configuration list for PBXProject "SpeedApp" */;
			compatibilityVersion = "Xcode 14.0";
			developmentRegion = en;
			hasScannedForEncodings = 0;
			knownRegions = (
				en,
				Base,
			);
			mainGroup = D2B997332BD7CD5B00A4A9A3;
			packageReferences = (
				D2B997772BD90E6800A4A9A3 /* XCRemoteSwiftPackageReference "CodeScanner" */,
				D2B9979F2BD9982500A4A9A3 /* XCRemoteSwiftPackageReference "OverlayDatePicker" */,
			);
			productRefGroup = D2B9973D2BD7CD5B00A4A9A3 /* Products */;
			projectDirPath = "";
			projectRoot = "";
			targets = (
				D2B9973B2BD7CD5B00A4A9A3 /* SpeedApp */,
			);
		};
/* End PBXProject section */

/* Begin PBXResourcesBuildPhase section */
		D2B9973A2BD7CD5B00A4A9A3 /* Resources */ = {
			isa = PBXResourcesBuildPhase;
			buildActionMask = 2147483647;
			files = (
				D2B997472BD7CD5C00A4A9A3 /* Preview Assets.xcassets in Resources */,
				D2B997442BD7CD5C00A4A9A3 /* Assets.xcassets in Resources */,
			);
			runOnlyForDeploymentPostprocessing = 0;
		};
/* End PBXResourcesBuildPhase section */

/* Begin PBXSourcesBuildPhase section */
		D2B997382BD7CD5B00A4A9A3 /* Sources */ = {
			isa = PBXSourcesBuildPhase;
			buildActionMask = 2147483647;
			files = (
				D2B997592BD7F57400A4A9A3 /* Payments.swift in Sources */,
				D2B997972BD98E5600A4A9A3 /* SRMobileBanking.swift in Sources */,
				D2B997422BD7CD5B00A4A9A3 /* ContentView.swift in Sources */,
				D2B9978D2BD9898B00A4A9A3 /* Products.swift in Sources */,
				D2B9976A2BD8018600A4A9A3 /* SplashScreen.swift in Sources */,
				D2B997682BD8017000A4A9A3 /* Login.swift in Sources */,
				D2B997662BD8006A00A4A9A3 /* Banking.swift in Sources */,
				D2B9976E2BD803E700A4A9A3 /* UserAccount.swift in Sources */,
				D2B997762BD908EA00A4A9A3 /* QRCodeScanner.swift in Sources */,
				D2B997532BD7CE7200A4A9A3 /* Home.swift in Sources */,
				D2B9975B2BD7FC4900A4A9A3 /* ContentViewModel.swift in Sources */,
				D2B997A72BD99E5500A4A9A3 /* PhoneNumber.swift in Sources */,
				D2B997572BD7DEA400A4A9A3 /* AccountCard.swift in Sources */,
				D2B997402BD7CD5B00A4A9A3 /* SpeedApp.swift in Sources */,
				D2B9975E2BD7FC9200A4A9A3 /* Greeting.swift in Sources */,
				D2B9978B2BD9898100A4A9A3 /* SelfRegister.swift in Sources */,
				D2B997A92BD99E7B00A4A9A3 /* PhoneNumberViewModel.swift in Sources */,
				D2B997912BD989BB00A4A9A3 /* Locator.swift in Sources */,
				D2B997622BD8002400A4A9A3 /* Accounts.swift in Sources */,
				D2B997842BD962E100A4A9A3 /* Options.swift in Sources */,
				D2B997702BD8106800A4A9A3 /* LogoutAlert.swift in Sources */,
				D2B9979C2BD994BD00A4A9A3 /* TextField.swift in Sources */,
				D2B997642BD8005C00A4A9A3 /* Profile.swift in Sources */,
				D2B997552BD7D3CD00A4A9A3 /* TabBar.swift in Sources */,
				D2B997952BD98B6600A4A9A3 /* SRViews.swift in Sources */,
				D2B997A32BD9993700A4A9A3 /* Date.swift in Sources */,
				D2B997AB2BD99EDF00A4A9A3 /* Country.swift in Sources */,
				D2B997A52BD99C1700A4A9A3 /* CheckBox.swift in Sources */,
				D2B9976C2BD8031D00A4A9A3 /* Double.swift in Sources */,
				D2B997602BD7FC9E00A4A9A3 /* Views.swift in Sources */,
				D2B997722BD824CF00A4A9A3 /* Loading.swift in Sources */,
				D2B9978F2BD9899E00A4A9A3 /* ContactUs.swift in Sources */,
				D2B997742BD831AD00A4A9A3 /* Error.swift in Sources */,
				D2B997992BD98E6700A4A9A3 /* SRMobileWallet.swift in Sources */,
				D2B9979E2BD997FF00A4A9A3 /* DatePicker.swift in Sources */,
				D2B997932BD98B4200A4A9A3 /* SelfRegisterViewModel.swift in Sources */,
				D2B997862BD963A000A4A9A3 /* Screens.swift in Sources */,
				D2B997892BD9859500A4A9A3 /* Resettable.swift in Sources */,
			);
			runOnlyForDeploymentPostprocessing = 0;
		};
/* End PBXSourcesBuildPhase section */

/* Begin XCBuildConfiguration section */
		D2B997482BD7CD5C00A4A9A3 /* Debug */ = {
			isa = XCBuildConfiguration;
			buildSettings = {
				ALWAYS_SEARCH_USER_PATHS = NO;
				ASSETCATALOG_COMPILER_GENERATE_SWIFT_ASSET_SYMBOL_EXTENSIONS = YES;
				CLANG_ANALYZER_NONNULL = YES;
				CLANG_ANALYZER_NUMBER_OBJECT_CONVERSION = YES_AGGRESSIVE;
				CLANG_CXX_LANGUAGE_STANDARD = "gnu++20";
				CLANG_ENABLE_MODULES = YES;
				CLANG_ENABLE_OBJC_ARC = YES;
				CLANG_ENABLE_OBJC_WEAK = YES;
				CLANG_WARN_BLOCK_CAPTURE_AUTORELEASING = YES;
				CLANG_WARN_BOOL_CONVERSION = YES;
				CLANG_WARN_COMMA = YES;
				CLANG_WARN_CONSTANT_CONVERSION = YES;
				CLANG_WARN_DEPRECATED_OBJC_IMPLEMENTATIONS = YES;
				CLANG_WARN_DIRECT_OBJC_ISA_USAGE = YES_ERROR;
				CLANG_WARN_DOCUMENTATION_COMMENTS = YES;
				CLANG_WARN_EMPTY_BODY = YES;
				CLANG_WARN_ENUM_CONVERSION = YES;
				CLANG_WARN_INFINITE_RECURSION = YES;
				CLANG_WARN_INT_CONVERSION = YES;
				CLANG_WARN_NON_LITERAL_NULL_CONVERSION = YES;
				CLANG_WARN_OBJC_IMPLICIT_RETAIN_SELF = YES;
				CLANG_WARN_OBJC_LITERAL_CONVERSION = YES;
				CLANG_WARN_OBJC_ROOT_CLASS = YES_ERROR;
				CLANG_WARN_QUOTED_INCLUDE_IN_FRAMEWORK_HEADER = YES;
				CLANG_WARN_RANGE_LOOP_ANALYSIS = YES;
				CLANG_WARN_STRICT_PROTOTYPES = YES;
				CLANG_WARN_SUSPICIOUS_MOVE = YES;
				CLANG_WARN_UNGUARDED_AVAILABILITY = YES_AGGRESSIVE;
				CLANG_WARN_UNREACHABLE_CODE = YES;
				CLANG_WARN__DUPLICATE_METHOD_MATCH = YES;
				COPY_PHASE_STRIP = NO;
				DEBUG_INFORMATION_FORMAT = dwarf;
				ENABLE_STRICT_OBJC_MSGSEND = YES;
				ENABLE_TESTABILITY = YES;
				ENABLE_USER_SCRIPT_SANDBOXING = YES;
				GCC_C_LANGUAGE_STANDARD = gnu17;
				GCC_DYNAMIC_NO_PIC = NO;
				GCC_NO_COMMON_BLOCKS = YES;
				GCC_OPTIMIZATION_LEVEL = 0;
				GCC_PREPROCESSOR_DEFINITIONS = (
					"DEBUG=1",
					"$(inherited)",
				);
				GCC_WARN_64_TO_32_BIT_CONVERSION = YES;
				GCC_WARN_ABOUT_RETURN_TYPE = YES_ERROR;
				GCC_WARN_UNDECLARED_SELECTOR = YES;
				GCC_WARN_UNINITIALIZED_AUTOS = YES_AGGRESSIVE;
				GCC_WARN_UNUSED_FUNCTION = YES;
				GCC_WARN_UNUSED_VARIABLE = YES;
				IPHONEOS_DEPLOYMENT_TARGET = 16.0;
				LOCALIZATION_PREFERS_STRING_CATALOGS = YES;
				MTL_ENABLE_DEBUG_INFO = INCLUDE_SOURCE;
				MTL_FAST_MATH = YES;
				ONLY_ACTIVE_ARCH = YES;
				SDKROOT = iphoneos;
				SWIFT_ACTIVE_COMPILATION_CONDITIONS = "DEBUG $(inherited)";
				SWIFT_OPTIMIZATION_LEVEL = "-Onone";
			};
			name = Debug;
		};
		D2B997492BD7CD5C00A4A9A3 /* Release */ = {
			isa = XCBuildConfiguration;
			buildSettings = {
				ALWAYS_SEARCH_USER_PATHS = NO;
				ASSETCATALOG_COMPILER_GENERATE_SWIFT_ASSET_SYMBOL_EXTENSIONS = YES;
				CLANG_ANALYZER_NONNULL = YES;
				CLANG_ANALYZER_NUMBER_OBJECT_CONVERSION = YES_AGGRESSIVE;
				CLANG_CXX_LANGUAGE_STANDARD = "gnu++20";
				CLANG_ENABLE_MODULES = YES;
				CLANG_ENABLE_OBJC_ARC = YES;
				CLANG_ENABLE_OBJC_WEAK = YES;
				CLANG_WARN_BLOCK_CAPTURE_AUTORELEASING = YES;
				CLANG_WARN_BOOL_CONVERSION = YES;
				CLANG_WARN_COMMA = YES;
				CLANG_WARN_CONSTANT_CONVERSION = YES;
				CLANG_WARN_DEPRECATED_OBJC_IMPLEMENTATIONS = YES;
				CLANG_WARN_DIRECT_OBJC_ISA_USAGE = YES_ERROR;
				CLANG_WARN_DOCUMENTATION_COMMENTS = YES;
				CLANG_WARN_EMPTY_BODY = YES;
				CLANG_WARN_ENUM_CONVERSION = YES;
				CLANG_WARN_INFINITE_RECURSION = YES;
				CLANG_WARN_INT_CONVERSION = YES;
				CLANG_WARN_NON_LITERAL_NULL_CONVERSION = YES;
				CLANG_WARN_OBJC_IMPLICIT_RETAIN_SELF = YES;
				CLANG_WARN_OBJC_LITERAL_CONVERSION = YES;
				CLANG_WARN_OBJC_ROOT_CLASS = YES_ERROR;
				CLANG_WARN_QUOTED_INCLUDE_IN_FRAMEWORK_HEADER = YES;
				CLANG_WARN_RANGE_LOOP_ANALYSIS = YES;
				CLANG_WARN_STRICT_PROTOTYPES = YES;
				CLANG_WARN_SUSPICIOUS_MOVE = YES;
				CLANG_WARN_UNGUARDED_AVAILABILITY = YES_AGGRESSIVE;
				CLANG_WARN_UNREACHABLE_CODE = YES;
				CLANG_WARN__DUPLICATE_METHOD_MATCH = YES;
				COPY_PHASE_STRIP = NO;
				DEBUG_INFORMATION_FORMAT = "dwarf-with-dsym";
				ENABLE_NS_ASSERTIONS = NO;
				ENABLE_STRICT_OBJC_MSGSEND = YES;
				ENABLE_USER_SCRIPT_SANDBOXING = YES;
				GCC_C_LANGUAGE_STANDARD = gnu17;
				GCC_NO_COMMON_BLOCKS = YES;
				GCC_WARN_64_TO_32_BIT_CONVERSION = YES;
				GCC_WARN_ABOUT_RETURN_TYPE = YES_ERROR;
				GCC_WARN_UNDECLARED_SELECTOR = YES;
				GCC_WARN_UNINITIALIZED_AUTOS = YES_AGGRESSIVE;
				GCC_WARN_UNUSED_FUNCTION = YES;
				GCC_WARN_UNUSED_VARIABLE = YES;
				IPHONEOS_DEPLOYMENT_TARGET = 16.0;
				LOCALIZATION_PREFERS_STRING_CATALOGS = YES;
				MTL_ENABLE_DEBUG_INFO = NO;
				MTL_FAST_MATH = YES;
				SDKROOT = iphoneos;
				SWIFT_COMPILATION_MODE = wholemodule;
				VALIDATE_PRODUCT = YES;
			};
			name = Release;
		};
		D2B9974B2BD7CD5C00A4A9A3 /* Debug */ = {
			isa = XCBuildConfiguration;
			buildSettings = {
				ASSETCATALOG_COMPILER_APPICON_NAME = AppIcon;
				ASSETCATALOG_COMPILER_GLOBAL_ACCENT_COLOR_NAME = AccentColor;
				CODE_SIGN_STYLE = Automatic;
				CURRENT_PROJECT_VERSION = 1;
				DEVELOPMENT_ASSET_PATHS = "\"SpeedApp/Preview Content\"";
				DEVELOPMENT_TEAM = P952SSG4A6;
				DONT_GENERATE_INFOPLIST_FILE = NO;
				ENABLE_PREVIEWS = YES;
				GENERATE_INFOPLIST_FILE = YES;
				INFOPLIST_FILE = SpeedApp/Info.plist;
				INFOPLIST_KEY_CFBundleDisplayName = SpeedApp;
				INFOPLIST_KEY_LSApplicationCategoryType = "public.app-category.finance";
				INFOPLIST_KEY_NSCameraUsageDescription = "This app requires access to the camera to take photos.";
				INFOPLIST_KEY_NSMicrophoneUsageDescription = "This app requires access to the microphone for audio recording.";
				INFOPLIST_KEY_UIApplicationSceneManifest_Generation = YES;
				INFOPLIST_KEY_UIApplicationSupportsIndirectInputEvents = YES;
				INFOPLIST_KEY_UILaunchScreen_Generation = YES;
				INFOPLIST_KEY_UIStatusBarStyle = "";
				INFOPLIST_KEY_UISupportedInterfaceOrientations = UIInterfaceOrientationPortrait;
				INFOPLIST_KEY_UISupportedInterfaceOrientations_iPad = "UIInterfaceOrientationLandscapeLeft UIInterfaceOrientationLandscapeRight UIInterfaceOrientationPortrait UIInterfaceOrientationPortraitUpsideDown";
				IPHONEOS_DEPLOYMENT_TARGET = 16.0;
				LD_RUNPATH_SEARCH_PATHS = (
					"$(inherited)",
					"@executable_path/Frameworks",
				);
				MARKETING_VERSION = 1.2;
				PRODUCT_BUNDLE_IDENTIFIER = com.techgenzee.SpeedApp;
				PRODUCT_NAME = "$(TARGET_NAME)";
				SUPPORTED_PLATFORMS = "iphoneos iphonesimulator";
				SUPPORTS_MACCATALYST = NO;
				SUPPORTS_MAC_DESIGNED_FOR_IPHONE_IPAD = NO;
				SUPPORTS_XR_DESIGNED_FOR_IPHONE_IPAD = NO;
				SWIFT_EMIT_LOC_STRINGS = YES;
				SWIFT_VERSION = 5.0;
				TARGETED_DEVICE_FAMILY = 1;
			};
			name = Debug;
		};
		D2B9974C2BD7CD5C00A4A9A3 /* Release */ = {
			isa = XCBuildConfiguration;
			buildSettings = {
				ASSETCATALOG_COMPILER_APPICON_NAME = AppIcon;
				ASSETCATALOG_COMPILER_GLOBAL_ACCENT_COLOR_NAME = AccentColor;
				CODE_SIGN_STYLE = Automatic;
				CURRENT_PROJECT_VERSION = 1;
				DEVELOPMENT_ASSET_PATHS = "\"SpeedApp/Preview Content\"";
				DEVELOPMENT_TEAM = P952SSG4A6;
				DONT_GENERATE_INFOPLIST_FILE = NO;
				ENABLE_PREVIEWS = YES;
				GENERATE_INFOPLIST_FILE = YES;
				INFOPLIST_FILE = SpeedApp/Info.plist;
				INFOPLIST_KEY_CFBundleDisplayName = SpeedApp;
				INFOPLIST_KEY_LSApplicationCategoryType = "public.app-category.finance";
				INFOPLIST_KEY_NSCameraUsageDescription = "This app requires access to the camera to take photos.";
				INFOPLIST_KEY_NSMicrophoneUsageDescription = "This app requires access to the microphone for audio recording.";
				INFOPLIST_KEY_UIApplicationSceneManifest_Generation = YES;
				INFOPLIST_KEY_UIApplicationSupportsIndirectInputEvents = YES;
				INFOPLIST_KEY_UILaunchScreen_Generation = YES;
				INFOPLIST_KEY_UIStatusBarStyle = "";
				INFOPLIST_KEY_UISupportedInterfaceOrientations = UIInterfaceOrientationPortrait;
				INFOPLIST_KEY_UISupportedInterfaceOrientations_iPad = "UIInterfaceOrientationLandscapeLeft UIInterfaceOrientationLandscapeRight UIInterfaceOrientationPortrait UIInterfaceOrientationPortraitUpsideDown";
				IPHONEOS_DEPLOYMENT_TARGET = 16.0;
				LD_RUNPATH_SEARCH_PATHS = (
					"$(inherited)",
					"@executable_path/Frameworks",
				);
				MARKETING_VERSION = 1.2;
				ONLY_ACTIVE_ARCH = YES;
				PRODUCT_BUNDLE_IDENTIFIER = com.techgenzee.SpeedApp;
				PRODUCT_NAME = "$(TARGET_NAME)";
				SUPPORTED_PLATFORMS = "iphoneos iphonesimulator";
				SUPPORTS_MACCATALYST = NO;
				SUPPORTS_MAC_DESIGNED_FOR_IPHONE_IPAD = NO;
				SUPPORTS_XR_DESIGNED_FOR_IPHONE_IPAD = NO;
				SWIFT_EMIT_LOC_STRINGS = YES;
				SWIFT_VERSION = 5.0;
				TARGETED_DEVICE_FAMILY = 1;
			};
			name = Release;
		};
/* End XCBuildConfiguration section */

/* Begin XCConfigurationList section */
		D2B997372BD7CD5B00A4A9A3 /* Build configuration list for PBXProject "SpeedApp" */ = {
			isa = XCConfigurationList;
			buildConfigurations = (
				D2B997482BD7CD5C00A4A9A3 /* Debug */,
				D2B997492BD7CD5C00A4A9A3 /* Release */,
			);
			defaultConfigurationIsVisible = 0;
			defaultConfigurationName = Release;
		};
		D2B9974A2BD7CD5C00A4A9A3 /* Build configuration list for PBXNativeTarget "SpeedApp" */ = {
			isa = XCConfigurationList;
			buildConfigurations = (
				D2B9974B2BD7CD5C00A4A9A3 /* Debug */,
				D2B9974C2BD7CD5C00A4A9A3 /* Release */,
			);
			defaultConfigurationIsVisible = 0;
			defaultConfigurationName = Release;
		};
/* End XCConfigurationList section */

/* Begin XCRemoteSwiftPackageReference section */
		D2B997772BD90E6800A4A9A3 /* XCRemoteSwiftPackageReference "CodeScanner" */ = {
			isa = XCRemoteSwiftPackageReference;
			repositoryURL = "https://github.com/twostraws/CodeScanner.git";
			requirement = {
				kind = upToNextMajorVersion;
				minimumVersion = 2.4.1;
			};
		};
		D2B9979F2BD9982500A4A9A3 /* XCRemoteSwiftPackageReference "OverlayDatePicker" */ = {
			isa = XCRemoteSwiftPackageReference;
			repositoryURL = "https://github.com/divadretlaw/OverlayDatePicker.git";
			requirement = {
				branch = main;
				kind = branch;
			};
		};
/* End XCRemoteSwiftPackageReference section */

/* Begin XCSwiftPackageProductDependency section */
		D2B997782BD90E6800A4A9A3 /* CodeScanner */ = {
			isa = XCSwiftPackageProductDependency;
			package = D2B997772BD90E6800A4A9A3 /* XCRemoteSwiftPackageReference "CodeScanner" */;
			productName = CodeScanner;
		};
		D2B997A02BD9982500A4A9A3 /* OverlayDatePicker */ = {
			isa = XCSwiftPackageProductDependency;
			package = D2B9979F2BD9982500A4A9A3 /* XCRemoteSwiftPackageReference "OverlayDatePicker" */;
			productName = OverlayDatePicker;
		};
/* End XCSwiftPackageProductDependency section */
	};
	rootObject = D2B997342BD7CD5B00A4A9A3 /* Project object */;
}
